// !$*UTF8*$!
{
	archiveVersion = 1;
	classes = {
	};
	objectVersion = 56;
	objects = {

/* Begin PBXBuildFile section */
		AA00001001 /* Resources/Web in Resources */ = {isa = PBXBuildFile; fileRef = AE00000020; };
		AA00000001 /* CameraApp.swift in Sources */ = {isa = PBXBuildFile; fileRef = AB00000001; };
		AA00000002 /* CameraManager.swift in Sources */ = {isa = PBXBuildFile; fileRef = AB00000002; };
		AA00000003 /* CameraPreviewView.swift in Sources */ = {isa = PBXBuildFile; fileRef = AB00000003; };
		AA00000004 /* ContentView.swift in Sources */ = {isa = PBXBuildFile; fileRef = AB00000004; };
		AA00000005 /* LanguageManager.swift in Sources */ = {isa = PBXBuildFile; fileRef = AB00000007; };
		AA00000006 /* Strings.swift in Sources */ = {isa = PBXBuildFile; fileRef = AB00000008; };
		AA00000007 /* SettingsStore.swift in Sources */ = {isa = PBXBuildFile; fileRef = AB00000009; };
		AA00000008 /* MediaLibraryManager.swift in Sources */ = {isa = PBXBuildFile; fileRef = AB0000000A; };
		AA00000009 /* TelegramService.swift in Sources */ = {isa = PBXBuildFile; fileRef = AB0000000B; };
		AA0000000A /* AutomationScheduler.swift in Sources */ = {isa = PBXBuildFile; fileRef = AB0000000C; };
		AA0000000B /* CameraView.swift in Sources */ = {isa = PBXBuildFile; fileRef = AB0000000D; };
		AA0000000C /* MediaLibraryView.swift in Sources */ = {isa = PBXBuildFile; fileRef = AB0000000E; };
		AA0000000D /* MediaDetailView.swift in Sources */ = {isa = PBXBuildFile; fileRef = AB0000000F; };
		AA0000000E /* AutomationView.swift in Sources */ = {isa = PBXBuildFile; fileRef = AB00000010; };
		AA0000000F /* SettingsView.swift in Sources */ = {isa = PBXBuildFile; fileRef = AB00000011; };
		AA00000010 /* Assets.xcassets in Resources */ = {isa = PBXBuildFile; fileRef = AB00000012; };
		AA00000011 /* ActivityLogManager.swift in Sources */ = {isa = PBXBuildFile; fileRef = AB00000013; };
		AA00000012 /* ActivityLogView.swift in Sources */ = {isa = PBXBuildFile; fileRef = AB00000014; };
		AA00000013 /* KeychainService.swift in Sources */ = {isa = PBXBuildFile; fileRef = AB00000015; };
		AA00000014 /* MotionDetector.swift in Sources */ = {isa = PBXBuildFile; fileRef = AB00000016; };
		AA00000015 /* MediaIndexStore.swift in Sources */ = {isa = PBXBuildFile; fileRef = AB00000017; };
		AA00000016 /* HealthMonitor.swift in Sources */ = {isa = PBXBuildFile; fileRef = AB00000018; };
		AA00000017 /* NotificationManager.swift in Sources */ = {isa = PBXBuildFile; fileRef = AB00000019; };
		AA00000018 /* StorageProvider.swift in Sources */ = {isa = PBXBuildFile; fileRef = AB0000001A; };
		AA00000019 /* StorageProviderType.swift in Sources */ = {isa = PBXBuildFile; fileRef = AB0000001B; };
		AA0000001A /* StorageProviderConfig.swift in Sources */ = {isa = PBXBuildFile; fileRef = AB0000001C; };
		AA0000001B /* LocalFolderProvider.swift in Sources */ = {isa = PBXBuildFile; fileRef = AB0000001D; };
		AA0000001C /* StorageManager.swift in Sources */ = {isa = PBXBuildFile; fileRef = AB0000001E; };
		AA0000001D /* HTTPRequest.swift in Sources */ = {isa = PBXBuildFile; fileRef = AB0000001F; };
		AA0000001E /* HTTPResponse.swift in Sources */ = {isa = PBXBuildFile; fileRef = AB00000020; };
		AA0000001F /* HTTPConnection.swift in Sources */ = {isa = PBXBuildFile; fileRef = AB00000021; };
		AA00000020 /* WebRouter.swift in Sources */ = {isa = PBXBuildFile; fileRef = AB00000022; };
		AA00000021 /* WebAuthManager.swift in Sources */ = {isa = PBXBuildFile; fileRef = AB00000023; };
		AA00000022 /* AuditLogManager.swift in Sources */ = {isa = PBXBuildFile; fileRef = AB00000024; };
		AA00000023 /* HTTPServer.swift in Sources */ = {isa = PBXBuildFile; fileRef = AB00000025; };
		AA00000024 /* WebServerManager.swift in Sources */ = {isa = PBXBuildFile; fileRef = AB00000026; };
		AA00000025 /* APIAuthHandler.swift in Sources */ = {isa = PBXBuildFile; fileRef = AB00000027; };
		AA00000026 /* APIStatusHandler.swift in Sources */ = {isa = PBXBuildFile; fileRef = AB00000028; };
		AA00000027 /* APICameraHandler.swift in Sources */ = {isa = PBXBuildFile; fileRef = AB00000029; };
		AA00000028 /* APIMediaHandler.swift in Sources */ = {isa = PBXBuildFile; fileRef = AB0000002A; };
		AA00000029 /* APITaskHandler.swift in Sources */ = {isa = PBXBuildFile; fileRef = AB0000002B; };
		AA0000002A /* APILogHandler.swift in Sources */ = {isa = PBXBuildFile; fileRef = AB0000002C; };
		AA0000002B /* APIHealthHandler.swift in Sources */ = {isa = PBXBuildFile; fileRef = AB0000002D; };
		AA00000034 /* APIUploadHandler.swift in Sources */ = {isa = PBXBuildFile; fileRef = AB00000036; };
		AA00000035 /* APIStorageHandler.swift in Sources */ = {isa = PBXBuildFile; fileRef = AB00000037; };
		AA00000036 /* APIReportHandler.swift in Sources */ = {isa = PBXBuildFile; fileRef = AB00000038; };
		AA0000002C /* UploadJob.swift in Sources */ = {isa = PBXBuildFile; fileRef = AB0000002E; };
		AA0000002D /* UploadJobStatus.swift in Sources */ = {isa = PBXBuildFile; fileRef = AB0000002F; };
		AA0000002E /* UploadQueueStore.swift in Sources */ = {isa = PBXBuildFile; fileRef = AB00000030; };
		AA0000002F /* UploadQueueManager.swift in Sources */ = {isa = PBXBuildFile; fileRef = AB00000031; };
		AA00000030 /* RetentionManager.swift in Sources */ = {isa = PBXBuildFile; fileRef = AB00000032; };
		AA00000031 /* EventRecordingManager.swift in Sources */ = {isa = PBXBuildFile; fileRef = AB00000033; };
		AA00000032 /* DailyReportManager.swift in Sources */ = {isa = PBXBuildFile; fileRef = AB00000034; };
		AA00000033 /* TimelapseManager.swift in Sources */ = {isa = PBXBuildFile; fileRef = AB00000035; };
		AA00000037 /* ThumbnailGenerator.swift in Sources */ = {isa = PBXBuildFile; fileRef = AB00000039; };
		AA00000038 /* GoogleDriveAuthManager.swift in Sources */ = {isa = PBXBuildFile; fileRef = AB0000003A; };
		AA00000039 /* GoogleDriveProvider.swift in Sources */ = {isa = PBXBuildFile; fileRef = AB0000003B; };
/* End PBXBuildFile section */

/* Begin PBXFileReference section */
		AB00000001 /* CameraApp.swift */ = {isa = PBXFileReference; lastKnownFileType = sourcecode.swift; path = CameraApp.swift; sourceTree = "<group>"; };
		AB00000002 /* CameraManager.swift */ = {isa = PBXFileReference; lastKnownFileType = sourcecode.swift; path = CameraManager.swift; sourceTree = "<group>"; };
		AB00000003 /* CameraPreviewView.swift */ = {isa = PBXFileReference; lastKnownFileType = sourcecode.swift; path = CameraPreviewView.swift; sourceTree = "<group>"; };
		AB00000004 /* ContentView.swift */ = {isa = PBXFileReference; lastKnownFileType = sourcecode.swift; path = ContentView.swift; sourceTree = "<group>"; };
		AB00000005 /* Info.plist */ = {isa = PBXFileReference; lastKnownFileType = text.plist.xml; path = Info.plist; sourceTree = "<group>"; };
		AB00000006 /* CameraApp.entitlements */ = {isa = PBXFileReference; lastKnownFileType = text.plist.entitlements; path = CameraApp.entitlements; sourceTree = "<group>"; };
		AB00000007 /* LanguageManager.swift */ = {isa = PBXFileReference; lastKnownFileType = sourcecode.swift; path = LanguageManager.swift; sourceTree = "<group>"; };
		AB00000008 /* Strings.swift */ = {isa = PBXFileReference; lastKnownFileType = sourcecode.swift; path = Strings.swift; sourceTree = "<group>"; };
		AB00000009 /* SettingsStore.swift */ = {isa = PBXFileReference; lastKnownFileType = sourcecode.swift; path = SettingsStore.swift; sourceTree = "<group>"; };
		AB0000000A /* MediaLibraryManager.swift */ = {isa = PBXFileReference; lastKnownFileType = sourcecode.swift; path = MediaLibraryManager.swift; sourceTree = "<group>"; };
		AB0000000B /* TelegramService.swift */ = {isa = PBXFileReference; lastKnownFileType = sourcecode.swift; path = TelegramService.swift; sourceTree = "<group>"; };
		AB0000000C /* AutomationScheduler.swift */ = {isa = PBXFileReference; lastKnownFileType = sourcecode.swift; path = AutomationScheduler.swift; sourceTree = "<group>"; };
		AB0000000D /* CameraView.swift */ = {isa = PBXFileReference; lastKnownFileType = sourcecode.swift; path = CameraView.swift; sourceTree = "<group>"; };
		AB0000000E /* MediaLibraryView.swift */ = {isa = PBXFileReference; lastKnownFileType = sourcecode.swift; path = MediaLibraryView.swift; sourceTree = "<group>"; };
		AB0000000F /* MediaDetailView.swift */ = {isa = PBXFileReference; lastKnownFileType = sourcecode.swift; path = MediaDetailView.swift; sourceTree = "<group>"; };
		AB00000010 /* AutomationView.swift */ = {isa = PBXFileReference; lastKnownFileType = sourcecode.swift; path = AutomationView.swift; sourceTree = "<group>"; };
		AB00000011 /* SettingsView.swift */ = {isa = PBXFileReference; lastKnownFileType = sourcecode.swift; path = SettingsView.swift; sourceTree = "<group>"; };
		AB00000012 /* Assets.xcassets */ = {isa = PBXFileReference; lastKnownFileType = folder.assetcatalog; path = Assets.xcassets; sourceTree = "<group>"; };
		AB00000013 /* ActivityLogManager.swift */ = {isa = PBXFileReference; lastKnownFileType = sourcecode.swift; path = ActivityLogManager.swift; sourceTree = "<group>"; };
		AB00000014 /* ActivityLogView.swift */ = {isa = PBXFileReference; lastKnownFileType = sourcecode.swift; path = ActivityLogView.swift; sourceTree = "<group>"; };
		AB00000015 /* KeychainService.swift */ = {isa = PBXFileReference; lastKnownFileType = sourcecode.swift; path = KeychainService.swift; sourceTree = "<group>"; };
		AB00000016 /* MotionDetector.swift */ = {isa = PBXFileReference; lastKnownFileType = sourcecode.swift; path = MotionDetector.swift; sourceTree = "<group>"; };
		AB00000017 /* MediaIndexStore.swift */ = {isa = PBXFileReference; lastKnownFileType = sourcecode.swift; path = MediaIndexStore.swift; sourceTree = "<group>"; };
		AB00000018 /* HealthMonitor.swift */ = {isa = PBXFileReference; lastKnownFileType = sourcecode.swift; path = HealthMonitor.swift; sourceTree = "<group>"; };
		AB00000019 /* NotificationManager.swift */ = {isa = PBXFileReference; lastKnownFileType = sourcecode.swift; path = NotificationManager.swift; sourceTree = "<group>"; };
		AB0000001A /* StorageProvider.swift */ = {isa = PBXFileReference; lastKnownFileType = sourcecode.swift; path = StorageProvider.swift; sourceTree = "<group>"; };
		AB0000001B /* StorageProviderType.swift */ = {isa = PBXFileReference; lastKnownFileType = sourcecode.swift; path = StorageProviderType.swift; sourceTree = "<group>"; };
		AB0000001C /* StorageProviderConfig.swift */ = {isa = PBXFileReference; lastKnownFileType = sourcecode.swift; path = StorageProviderConfig.swift; sourceTree = "<group>"; };
		AB0000001D /* LocalFolderProvider.swift */ = {isa = PBXFileReference; lastKnownFileType = sourcecode.swift; path = LocalFolderProvider.swift; sourceTree = "<group>"; };
		AB0000001E /* StorageManager.swift */ = {isa = PBXFileReference; lastKnownFileType = sourcecode.swift; path = StorageManager.swift; sourceTree = "<group>"; };
		AB0000001F /* HTTPRequest.swift */ = {isa = PBXFileReference; lastKnownFileType = sourcecode.swift; path = HTTPRequest.swift; sourceTree = "<group>"; };
		AB00000020 /* HTTPResponse.swift */ = {isa = PBXFileReference; lastKnownFileType = sourcecode.swift; path = HTTPResponse.swift; sourceTree = "<group>"; };
		AB00000021 /* HTTPConnection.swift */ = {isa = PBXFileReference; lastKnownFileType = sourcecode.swift; path = HTTPConnection.swift; sourceTree = "<group>"; };
		AB00000022 /* WebRouter.swift */ = {isa = PBXFileReference; lastKnownFileType = sourcecode.swift; path = WebRouter.swift; sourceTree = "<group>"; };
		AB00000023 /* WebAuthManager.swift */ = {isa = PBXFileReference; lastKnownFileType = sourcecode.swift; path = WebAuthManager.swift; sourceTree = "<group>"; };
		AB00000024 /* AuditLogManager.swift */ = {isa = PBXFileReference; lastKnownFileType = sourcecode.swift; path = AuditLogManager.swift; sourceTree = "<group>"; };
		AB00000025 /* HTTPServer.swift */ = {isa = PBXFileReference; lastKnownFileType = sourcecode.swift; path = HTTPServer.swift; sourceTree = "<group>"; };
		AB00000026 /* WebServerManager.swift */ = {isa = PBXFileReference; lastKnownFileType = sourcecode.swift; path = WebServerManager.swift; sourceTree = "<group>"; };
		AB00000027 /* APIAuthHandler.swift */ = {isa = PBXFileReference; lastKnownFileType = sourcecode.swift; path = APIAuthHandler.swift; sourceTree = "<group>"; };
		AB00000028 /* APIStatusHandler.swift */ = {isa = PBXFileReference; lastKnownFileType = sourcecode.swift; path = APIStatusHandler.swift; sourceTree = "<group>"; };
		AB00000029 /* APICameraHandler.swift */ = {isa = PBXFileReference; lastKnownFileType = sourcecode.swift; path = APICameraHandler.swift; sourceTree = "<group>"; };
		AB0000002A /* APIMediaHandler.swift */ = {isa = PBXFileReference; lastKnownFileType = sourcecode.swift; path = APIMediaHandler.swift; sourceTree = "<group>"; };
		AB0000002B /* APITaskHandler.swift */ = {isa = PBXFileReference; lastKnownFileType = sourcecode.swift; path = APITaskHandler.swift; sourceTree = "<group>"; };
		AB0000002C /* APILogHandler.swift */ = {isa = PBXFileReference; lastKnownFileType = sourcecode.swift; path = APILogHandler.swift; sourceTree = "<group>"; };
		AB0000002D /* APIHealthHandler.swift */ = {isa = PBXFileReference; lastKnownFileType = sourcecode.swift; path = APIHealthHandler.swift; sourceTree = "<group>"; };
		AB00000036 /* APIUploadHandler.swift */ = {isa = PBXFileReference; lastKnownFileType = sourcecode.swift; path = APIUploadHandler.swift; sourceTree = "<group>"; };
		AB00000037 /* APIStorageHandler.swift */ = {isa = PBXFileReference; lastKnownFileType = sourcecode.swift; path = APIStorageHandler.swift; sourceTree = "<group>"; };
		AB00000038 /* APIReportHandler.swift */ = {isa = PBXFileReference; lastKnownFileType = sourcecode.swift; path = APIReportHandler.swift; sourceTree = "<group>"; };
		AB0000002E /* UploadJob.swift */ = {isa = PBXFileReference; lastKnownFileType = sourcecode.swift; path = UploadJob.swift; sourceTree = "<group>"; };
		AB0000002F /* UploadJobStatus.swift */ = {isa = PBXFileReference; lastKnownFileType = sourcecode.swift; path = UploadJobStatus.swift; sourceTree = "<group>"; };
		AB00000030 /* UploadQueueStore.swift */ = {isa = PBXFileReference; lastKnownFileType = sourcecode.swift; path = UploadQueueStore.swift; sourceTree = "<group>"; };
		AB00000031 /* UploadQueueManager.swift */ = {isa = PBXFileReference; lastKnownFileType = sourcecode.swift; path = UploadQueueManager.swift; sourceTree = "<group>"; };
		AB00000032 /* RetentionManager.swift */ = {isa = PBXFileReference; lastKnownFileType = sourcecode.swift; path = RetentionManager.swift; sourceTree = "<group>"; };
		AB00000033 /* EventRecordingManager.swift */ = {isa = PBXFileReference; lastKnownFileType = sourcecode.swift; path = EventRecordingManager.swift; sourceTree = "<group>"; };
		AB00000034 /* DailyReportManager.swift */ = {isa = PBXFileReference; lastKnownFileType = sourcecode.swift; path = DailyReportManager.swift; sourceTree = "<group>"; };
		AB00000035 /* TimelapseManager.swift */ = {isa = PBXFileReference; lastKnownFileType = sourcecode.swift; path = TimelapseManager.swift; sourceTree = "<group>"; };
		AB00000039 /* ThumbnailGenerator.swift */ = {isa = PBXFileReference; lastKnownFileType = sourcecode.swift; path = ThumbnailGenerator.swift; sourceTree = "<group>"; };
		AB0000003A /* GoogleDriveAuthManager.swift */ = {isa = PBXFileReference; lastKnownFileType = sourcecode.swift; path = GoogleDriveAuthManager.swift; sourceTree = "<group>"; };
		AB0000003B /* GoogleDriveProvider.swift */ = {isa = PBXFileReference; lastKnownFileType = sourcecode.swift; path = GoogleDriveProvider.swift; sourceTree = "<group>"; };
		AC00000001 /* CameraApp.app */ = {isa = PBXFileReference; explicitFileType = wrapper.application; includeInIndex = 0; path = CameraApp.app; sourceTree = BUILT_PRODUCTS_DIR; };
/* End PBXFileReference section */

/* Begin PBXFrameworksBuildPhase section */
		AD00000001 /* Frameworks */ = {
			isa = PBXFrameworksBuildPhase;
			buildActionMask = 2147483647;
			files = (
			);
			runOnlyForDeploymentPostprocessing = 0;
		};
/* End PBXFrameworksBuildPhase section */

/* Begin PBXResourcesBuildPhase section */
		B400000001 /* Resources */ = {
			isa = PBXResourcesBuildPhase;
			buildActionMask = 2147483647;
			files = (
				AA00000010 /* Assets.xcassets in Resources */,
				AA00001001 /* Resources/Web in Resources */,
			);
			runOnlyForDeploymentPostprocessing = 0;
		};
/* End PBXResourcesBuildPhase section */

/* Begin PBXGroup section */
		AE00000001 /* Root */ = {
			isa = PBXGroup;
			children = (
				AE00000002 /* CameraApp */,
				AE00000003 /* Products */,
			);
			sourceTree = "<group>";
		};
		AE00000002 /* CameraApp */ = {
			isa = PBXGroup;
			children = (
				AB00000001 /* CameraApp.swift */,
				AB00000002 /* CameraManager.swift */,
				AB00000003 /* CameraPreviewView.swift */,
				AB00000004 /* ContentView.swift */,
				AB00000007 /* LanguageManager.swift */,
				AB00000008 /* Strings.swift */,
				AB00000009 /* SettingsStore.swift */,
				AB0000000A /* MediaLibraryManager.swift */,
				AB0000000B /* TelegramService.swift */,
				AB0000000C /* AutomationScheduler.swift */,
				AB0000000D /* CameraView.swift */,
				AB0000000E /* MediaLibraryView.swift */,
				AB0000000F /* MediaDetailView.swift */,
				AB00000010 /* AutomationView.swift */,
				AB00000011 /* SettingsView.swift */,
				AB00000013 /* ActivityLogManager.swift */,
				AB00000014 /* ActivityLogView.swift */,
				AB00000015 /* KeychainService.swift */,
				AB00000016 /* MotionDetector.swift */,
				AB00000017 /* MediaIndexStore.swift */,
				AB00000018 /* HealthMonitor.swift */,
				AB00000019 /* NotificationManager.swift */,
				AE00000010 /* Storage */,
				AE00000011 /* WebServer */,
				AE00000013 /* Upload */,
				AE00000014 /* Features */,
				AE00000020 /* Resources */,
				AB00000005 /* Info.plist */,
				AB00000006 /* CameraApp.entitlements */,
				AB00000012 /* Assets.xcassets */,
			);
			path = CameraApp;
			sourceTree = "<group>";
		};
		AE00000010 /* Storage */ = {
			isa = PBXGroup;
			children = (
				AB0000001A /* StorageProvider.swift */,
				AB0000001B /* StorageProviderType.swift */,
				AB0000001C /* StorageProviderConfig.swift */,
				AB0000001D /* LocalFolderProvider.swift */,
				AB0000001E /* StorageManager.swift */,
				AB0000003A /* GoogleDriveAuthManager.swift */,
				AB0000003B /* GoogleDriveProvider.swift */,
			);
			path = Storage;
			sourceTree = "<group>";
		};
		AE00000011 /* WebServer */ = {
			isa = PBXGroup;
			children = (
				AB0000001F /* HTTPRequest.swift */,
				AB00000020 /* HTTPResponse.swift */,
				AB00000021 /* HTTPConnection.swift */,
				AB00000022 /* WebRouter.swift */,
				AB00000023 /* WebAuthManager.swift */,
				AB00000024 /* AuditLogManager.swift */,
				AB00000025 /* HTTPServer.swift */,
				AB00000026 /* WebServerManager.swift */,
				AE00000012 /* API */,
			);
			path = WebServer;
			sourceTree = "<group>";
		};
		AE00000012 /* API */ = {
			isa = PBXGroup;
			children = (
				AB00000027 /* APIAuthHandler.swift */,
				AB00000028 /* APIStatusHandler.swift */,
				AB00000029 /* APICameraHandler.swift */,
				AB0000002A /* APIMediaHandler.swift */,
				AB0000002B /* APITaskHandler.swift */,
				AB0000002C /* APILogHandler.swift */,
				AB0000002D /* APIHealthHandler.swift */,
				AB00000036 /* APIUploadHandler.swift */,
				AB00000037 /* APIStorageHandler.swift */,
				AB00000038 /* APIReportHandler.swift */,
			);
			path = API;
			sourceTree = "<group>";
		};
		AE00000013 /* Upload */ = {
			isa = PBXGroup;
			children = (
				AB0000002E /* UploadJob.swift */,
				AB0000002F /* UploadJobStatus.swift */,
				AB00000030 /* UploadQueueStore.swift */,
				AB00000031 /* UploadQueueManager.swift */,
			);
			path = Upload;
			sourceTree = "<group>";
		};
		AE00000014 /* Features */ = {
			isa = PBXGroup;
			children = (
				AB00000032 /* RetentionManager.swift */,
				AB00000033 /* EventRecordingManager.swift */,
				AB00000034 /* DailyReportManager.swift */,
				AB00000035 /* TimelapseManager.swift */,
				AB00000039 /* ThumbnailGenerator.swift */,
			);
			path = Features;
			sourceTree = "<group>";
		};
		AE00000020 /* Resources */ = {isa = PBXFileReference; lastKnownFileType = folder; path = Resources; sourceTree = "<group>"; };
		AE00000003 /* Products */ = {
			isa = PBXGroup;
			children = (
				AC00000001 /* CameraApp.app */,
			);
			name = Products;
			sourceTree = "<group>";
		};
/* End PBXGroup section */

/* Begin PBXNativeTarget section */
		AF00000001 /* CameraApp */ = {
			isa = PBXNativeTarget;
			buildConfigurationList = B200000003;
			buildPhases = (
				B000000001 /* Sources */,
				AD00000001 /* Frameworks */,
				B400000001 /* Resources */,
			);
			buildRules = (
			);
			dependencies = (
			);
			name = CameraApp;
			productName = CameraApp;
			productReference = AC00000001;
			productType = "com.apple.product-type.application";
		};
/* End PBXNativeTarget section */

/* Begin PBXProject section */
		B100000001 /* Project object */ = {
			isa = PBXProject;
			attributes = {
				BuildIndependentTargetsInParallel = 1;
				LastSwiftUpdateCheck = 1600;
				LastUpgradeCheck = 1600;
			};
			buildConfigurationList = B200000001;
			compatibilityVersion = "Xcode 14.0";
			developmentRegion = en;
			hasScannedForEncodings = 0;
			knownRegions = (
				en,
				Base,
			);
			mainGroup = AE00000001;
			productRefGroup = AE00000003;
			projectDirPath = "";
			projectRoot = "";
			targets = (
				AF00000001,
			);
		};
/* End PBXProject section */

/* Begin PBXSourcesBuildPhase section */
		B000000001 /* Sources */ = {
			isa = PBXSourcesBuildPhase;
			buildActionMask = 2147483647;
			files = (
				AA00000001 /* CameraApp.swift in Sources */,
				AA00000002 /* CameraManager.swift in Sources */,
				AA00000003 /* CameraPreviewView.swift in Sources */,
				AA00000004 /* ContentView.swift in Sources */,
				AA00000005 /* LanguageManager.swift in Sources */,
				AA00000006 /* Strings.swift in Sources */,
				AA00000007 /* SettingsStore.swift in Sources */,
				AA00000008 /* MediaLibraryManager.swift in Sources */,
				AA00000009 /* TelegramService.swift in Sources */,
				AA0000000A /* AutomationScheduler.swift in Sources */,
				AA0000000B /* CameraView.swift in Sources */,
				AA0000000C /* MediaLibraryView.swift in Sources */,
				AA0000000D /* MediaDetailView.swift in Sources */,
				AA0000000E /* AutomationView.swift in Sources */,
				AA0000000F /* SettingsView.swift in Sources */,
				AA00000011 /* ActivityLogManager.swift in Sources */,
				AA00000012 /* ActivityLogView.swift in Sources */,
				AA00000013 /* KeychainService.swift in Sources */,
				AA00000014 /* MotionDetector.swift in Sources */,
				AA00000015 /* MediaIndexStore.swift in Sources */,
				AA00000016 /* HealthMonitor.swift in Sources */,
				AA00000017 /* NotificationManager.swift in Sources */,
				AA00000018 /* StorageProvider.swift in Sources */,
				AA00000019 /* StorageProviderType.swift in Sources */,
				AA0000001A /* StorageProviderConfig.swift in Sources */,
				AA0000001B /* LocalFolderProvider.swift in Sources */,
				AA0000001C /* StorageManager.swift in Sources */,
				AA0000001D /* HTTPRequest.swift in Sources */,
				AA0000001E /* HTTPResponse.swift in Sources */,
				AA0000001F /* HTTPConnection.swift in Sources */,
				AA00000020 /* WebRouter.swift in Sources */,
				AA00000021 /* WebAuthManager.swift in Sources */,
				AA00000022 /* AuditLogManager.swift in Sources */,
				AA00000023 /* HTTPServer.swift in Sources */,
				AA00000024 /* WebServerManager.swift in Sources */,
				AA00000025 /* APIAuthHandler.swift in Sources */,
				AA00000026 /* APIStatusHandler.swift in Sources */,
				AA00000027 /* APICameraHandler.swift in Sources */,
				AA00000028 /* APIMediaHandler.swift in Sources */,
				AA00000029 /* APITaskHandler.swift in Sources */,
				AA0000002A /* APILogHandler.swift in Sources */,
				AA0000002B /* APIHealthHandler.swift in Sources */,
				AA00000034 /* APIUploadHandler.swift in Sources */,
				AA00000035 /* APIStorageHandler.swift in Sources */,
				AA00000036 /* APIReportHandler.swift in Sources */,
				AA0000002C /* UploadJob.swift in Sources */,
				AA0000002D /* UploadJobStatus.swift in Sources */,
				AA0000002E /* UploadQueueStore.swift in Sources */,
				AA0000002F /* UploadQueueManager.swift in Sources */,
				AA00000030 /* RetentionManager.swift in Sources */,
				AA00000031 /* EventRecordingManager.swift in Sources */,
				AA00000032 /* DailyReportManager.swift in Sources */,
				AA00000033 /* TimelapseManager.swift in Sources */,
				AA00000037 /* ThumbnailGenerator.swift in Sources */,
				AA00000038 /* GoogleDriveAuthManager.swift in Sources */,
				AA00000039 /* GoogleDriveProvider.swift in Sources */,
			);
			runOnlyForDeploymentPostprocessing = 0;
		};
/* End PBXSourcesBuildPhase section */

/* Begin XCBuildConfiguration section */
		B300000001 /* Debug */ = {
			isa = XCBuildConfiguration;
			buildSettings = {
				ALWAYS_SEARCH_USER_PATHS = NO;
				ASSETCATALOG_COMPILER_GENERATE_SWIFT_ASSET_SYMBOL_EXTENSIONS = YES;
				CLANG_ANALYZER_NONNULL = YES;
				CLANG_CXX_LANGUAGE_STANDARD = "gnu++20";
				CLANG_ENABLE_MODULES = YES;
				CLANG_ENABLE_OBJC_ARC = YES;
				COPY_PHASE_STRIP = NO;
				DEBUG_INFORMATION_FORMAT = dwarf;
				ENABLE_STRICT_OBJC_MSGSEND = YES;
				ENABLE_TESTABILITY = YES;
				GCC_DYNAMIC_NO_PIC = NO;
				GCC_OPTIMIZATION_LEVEL = 0;
				GCC_PREPROCESSOR_DEFINITIONS = (
					"DEBUG=1",
					"$(inherited)",
				);
				GCC_WARN_ABOUT_RETURN_TYPE = YES_ERROR;
				GCC_WARN_UNINITIALIZED_AUTOS = YES_AGGRESSIVE;
				MACOSX_DEPLOYMENT_TARGET = 14.0;
				MTL_ENABLE_DEBUG_INFO = INCLUDE_SOURCE;
				ONLY_ACTIVE_ARCH = YES;
				SDKROOT = macosx;
				SWIFT_ACTIVE_COMPILATION_CONDITIONS = "DEBUG $(inherited)";
				SWIFT_OPTIMIZATION_LEVEL = "-Onone";
			};
			name = Debug;
		};
		B300000002 /* Release */ = {
			isa = XCBuildConfiguration;
			buildSettings = {
				ALWAYS_SEARCH_USER_PATHS = NO;
				ASSETCATALOG_COMPILER_GENERATE_SWIFT_ASSET_SYMBOL_EXTENSIONS = YES;
				CLANG_ANALYZER_NONNULL = YES;
				CLANG_CXX_LANGUAGE_STANDARD = "gnu++20";
				CLANG_ENABLE_MODULES = YES;
				CLANG_ENABLE_OBJC_ARC = YES;
				COPY_PHASE_STRIP = NO;
				DEBUG_INFORMATION_FORMAT = "dwarf-with-dsym";
				ENABLE_NS_ASSERTIONS = NO;
				ENABLE_STRICT_OBJC_MSGSEND = YES;
				GCC_WARN_ABOUT_RETURN_TYPE = YES_ERROR;
				GCC_WARN_UNINITIALIZED_AUTOS = YES_AGGRESSIVE;
				MACOSX_DEPLOYMENT_TARGET = 14.0;
				MTL_ENABLE_DEBUG_INFO = NO;
				SDKROOT = macosx;
				SWIFT_COMPILATION_MODE = wholemodule;
			};
			name = Release;
		};
		B300000003 /* Debug */ = {
			isa = XCBuildConfiguration;
			buildSettings = {
				ASSETCATALOG_COMPILER_APPICON_NAME = AppIcon;
				CODE_SIGN_ENTITLEMENTS = CameraApp/CameraApp.entitlements;
				CODE_SIGN_STYLE = Automatic;
				COMBINE_HIDPI_IMAGES = YES;
				CURRENT_PROJECT_VERSION = 17;
				GENERATE_INFOPLIST_FILE = NO;
				INFOPLIST_FILE = CameraApp/Info.plist;
				LD_RUNPATH_SEARCH_PATHS = (
					"$(inherited)",
					"@executable_path/../Frameworks",
				);
				MARKETING_VERSION = 2.3.2;
				PRODUCT_BUNDLE_IDENTIFIER = com.kairkiss.MacMonitor;
				PRODUCT_NAME = "$(TARGET_NAME)";
				SWIFT_EMIT_LOC_STRINGS = YES;
				SWIFT_VERSION = 5.0;
			};
			name = Debug;
		};
		B300000004 /* Release */ = {
			isa = XCBuildConfiguration;
			buildSettings = {
				ASSETCATALOG_COMPILER_APPICON_NAME = AppIcon;
				CODE_SIGN_ENTITLEMENTS = CameraApp/CameraApp.entitlements;
				CODE_SIGN_STYLE = Automatic;
				COMBINE_HIDPI_IMAGES = YES;
				CURRENT_PROJECT_VERSION = 17;
				GENERATE_INFOPLIST_FILE = NO;
				INFOPLIST_FILE = CameraApp/Info.plist;
				LD_RUNPATH_SEARCH_PATHS = (
					"$(inherited)",
					"@executable_path/../Frameworks",
				);
				MARKETING_VERSION = 2.3.2;
				PRODUCT_BUNDLE_IDENTIFIER = com.kairkiss.MacMonitor;
				PRODUCT_NAME = "$(TARGET_NAME)";
				SWIFT_EMIT_LOC_STRINGS = YES;
				SWIFT_VERSION = 5.0;
			};
			name = Release;
		};
/* End XCBuildConfiguration section */

/* Begin XCConfigurationList section */
		B200000001 /* Build configuration list for PBXProject "CameraApp" */ = {
			isa = XCConfigurationList;
			buildConfigurations = (
				B300000001 /* Debug */,
				B300000002 /* Release */,
			);
			defaultConfigurationIsVisible = 0;
			defaultConfigurationName = Release;
		};
		B200000003 /* Build configuration list for PBXNativeTarget "CameraApp" */ = {
			isa = XCConfigurationList;
			buildConfigurations = (
				B300000003 /* Debug */,
				B300000004 /* Release */,
			);
			defaultConfigurationIsVisible = 0;
			defaultConfigurationName = Release;
		};
/* End XCConfigurationList section */

	};
	rootObject = B100000001;
}
